
Microsoft Visual Studio Solution File, Format Version 12.00
# Visual Studio 15
VisualStudioVersion = 15.0.26430.16
MinimumVisualStudioVersion = 10.0.40219.1
Project("{9A19103F-16F7-4668-BE54-9A1E7A4F7556}") = "TinyMapper", "Source\TinyMapper\TinyMapper.csproj", "{C8ECF61C-DD30-4CF1-8DC2-612AE6CA35DE}"
EndProject
Project("{9A19103F-16F7-4668-BE54-9A1E7A4F7556}") = "UnitTests", "Source\UnitTests\UnitTests.csproj", "{B330A99A-C110-4536-9266-BD41C5953B92}"
EndProject
Global
	GlobalSection(SolutionConfigurationPlatforms) = preSolution
		Debug|Any CPU = Debug|Any CPU
		Release|Any CPU = Release|Any CPU
		VS|Any CPU = VS|Any CPU
	EndGlobalSection
	GlobalSection(ProjectConfigurationPlatforms) = postSolution
		{C8ECF61C-DD30-4CF1-8DC2-612AE6CA35DE}.Debug|Any CPU.ActiveCfg = Debug|Any CPU
		{C8ECF61C-DD30-4CF1-8DC2-612AE6CA35DE}.Debug|Any CPU.Build.0 = Debug|Any CPU
		{C8ECF61C-DD30-4CF1-8DC2-612AE6CA35DE}.Release|Any CPU.ActiveCfg = Release|Any CPU
		{C8ECF61C-DD30-4CF1-8DC2-612AE6CA35DE}.Release|Any CPU.Build.0 = Release|Any CPU
		{C8ECF61C-DD30-4CF1-8DC2-612AE6CA35DE}.VS|Any CPU.ActiveCfg = VS|Any CPU
		{C8ECF61C-DD30-4CF1-8DC2-612AE6CA35DE}.VS|Any CPU.Build.0 = VS|Any CPU
		{B330A99A-C110-4536-9266-BD41C5953B92}.Debug|Any CPU.ActiveCfg = Debug|Any CPU
		{B330A99A-C110-4536-9266-BD41C5953B92}.Debug|Any CPU.Build.0 = Debug|Any CPU
		{B330A99A-C110-4536-9266-BD41C5953B92}.Release|Any CPU.ActiveCfg = Release|Any CPU
		{B330A99A-C110-4536-9266-BD41C5953B92}.Release|Any CPU.Build.0 = Release|Any CPU
		{B330A99A-C110-4536-9266-BD41C5953B92}.VS|Any CPU.ActiveCfg = VS|Any CPU
		{B330A99A-C110-4536-9266-BD41C5953B92}.VS|Any CPU.Build.0 = VS|Any CPU
	EndGlobalSection
	GlobalSection(SolutionProperties) = preSolution
		HideSolutionNode = FALSE
	EndGlobalSection
EndGlobal
